<?xml version="1.0" encoding="utf-8"?>
<Project ToolsVersion="4.0" xmlns="http://schemas.microsoft.com/developer/msbuild/2003">
  <ItemGroup>
    <Filter Include="Source Files">
      <UniqueIdentifier>{4FC737F1-C7A5-4376-A066-2A32D752A2FF}</UniqueIdentifier>
      <Extensions>cpp;c;cc;cxx;def;odl;idl;hpj;bat;asm;asmx</Extensions>
    </Filter>
    <Filter Include="Header Files">
      <UniqueIdentifier>{93995380-89BD-4b04-88EB-625FBE52EBFB}</UniqueIdentifier>
      <Extensions>h;hpp;hxx;hm;inl;inc;xsd</Extensions>
    </Filter>
    <Filter Include="Resource Files">
      <UniqueIdentifier>{67DA6AB6-F800-4c08-8B7A-83BB121AAD01}</UniqueIdentifier>
      <Extensions>rc;ico;cur;bmp;dlg;rc2;rct;bin;rgs;gif;jpg;jpeg;jpe;resx;tiff;tif;png;wav;mfcribbon-ms</Extensions>
    </Filter>
    <Filter Include="Header Files\Escenas">
      <UniqueIdentifier>{b792e6bf-ae5c-46ed-b967-430a396523b4}</UniqueIdentifier>
    </Filter>
    <Filter Include="Source Files\Escenas">
      <UniqueIdentifier>{6aa2dc23-c218-40c8-9964-e3fc8d16f606}</UniqueIdentifier>
    </Filter>
    <Filter Include="Header Files\Funciones de ayuda">
      <UniqueIdentifier>{53a484d9-e6ac-45d8-8dfa-455f0d3312d6}</UniqueIdentifier>
    </Filter>
    <Filter Include="Source Files\Funciones de ayuda">
      <UniqueIdentifier>{a5cc0af9-a73f-4f65-af5a-1917bc7bc7ed}</UniqueIdentifier>
    </Filter>
    <Filter Include="Header Files\Objetos">
      <UniqueIdentifier>{99a97b89-0c5d-4c9f-ab94-9fa76852a745}</UniqueIdentifier>
    </Filter>
    <Filter Include="Source Files\Objetos">
      <UniqueIdentifier>{f3b65b3f-c59a-4b05-ad36-94e9526646d4}</UniqueIdentifier>
    </Filter>
    <Filter Include="Header Files\Objetos\ObjetosCompuestos">
      <UniqueIdentifier>{e1b04766-e9a4-4b4b-b9bc-0bb8e48891ae}</UniqueIdentifier>
    </Filter>
    <Filter Include="Source Files\Objetos\ObjetosCompuestos">
      <UniqueIdentifier>{6b57fb40-6319-411a-b769-7260d8bd054f}</UniqueIdentifier>
    </Filter>
    <Filter Include="Source Files\Math">
      <UniqueIdentifier>{f5565893-93d8-4505-bc2f-476fb4aea8e4}</UniqueIdentifier>
    </Filter>
    <Filter Include="Header Files\Math">
      <UniqueIdentifier>{c3413f83-b09d-4c08-9b3e-e091424a19cf}</UniqueIdentifier>
    </Filter>
  </ItemGroup>
  <ItemGroup>
    <ClCompile Include="main.cpp">
      <Filter>Source Files</Filter>
    </ClCompile>
    <ClCompile Include="EscenaOrbitas.cpp">
      <Filter>Source Files\Escenas</Filter>
    </ClCompile>
    <ClCompile Include="Help_Functions.cpp">
      <Filter>Source Files\Funciones de ayuda</Filter>
    </ClCompile>
    <ClCompile Include="Physics_Functions.cpp">
      <Filter>Source Files\Funciones de ayuda</Filter>
    </ClCompile>
    <ClCompile Include="Vector3D.cpp">
      <Filter>Source Files\Math</Filter>
    </ClCompile>
    <ClCompile Include="TAfin.cpp">
      <Filter>Source Files\Objetos</Filter>
    </ClCompile>
    <ClCompile Include="Planetas3D.cpp">
      <Filter>Source Files\Objetos</Filter>
    </ClCompile>
    <ClCompile Include="TestParticles.cpp">
      <Filter>Source Files\Escenas</Filter>
    </ClCompile>
    <ClCompile Include="ParticleRainSystem.cpp">
      <Filter>Source Files\Objetos</Filter>
    </ClCompile>
    <ClCompile Include="Particle3D.cpp">
      <Filter>Source Files\Objetos</Filter>
    </ClCompile>
  </ItemGroup>
  <ItemGroup>
    <ClInclude Include="Includes.h">
      <Filter>Header Files</Filter>
    </ClInclude>
    <ClInclude Include="EscenaOrbitas.h">
      <Filter>Header Files\Escenas</Filter>
    </ClInclude>
    <ClInclude Include="Escena.h">
      <Filter>Header Files\Escenas</Filter>
    </ClInclude>
    <ClInclude Include="Help_Functions.h">
      <Filter>Header Files\Funciones de ayuda</Filter>
    </ClInclude>
    <ClInclude Include="Physics_Functions.h">
      <Filter>Header Files\Funciones de ayuda</Filter>
    </ClInclude>
    <ClInclude Include="Objeto3D.h">
      <Filter>Header Files\Objetos</Filter>
    </ClInclude>
    <ClInclude Include="TAfin.h">
      <Filter>Header Files\Objetos</Filter>
    </ClInclude>
    <ClInclude Include="Vector3D.h">
      <Filter>Header Files\Math</Filter>
    </ClInclude>
    <ClInclude Include="Planetas3D.h">
      <Filter>Header Files\Objetos</Filter>
    </ClInclude>
    <ClInclude Include="TestParticles.h">
      <Filter>Header Files\Escenas</Filter>
    </ClInclude>
    <ClInclude Include="Particle3D.h">
      <Filter>Header Files\Objetos</Filter>
    </ClInclude>
    <ClInclude Include="ParticleRainSystem.h">
      <Filter>Header Files\Objetos</Filter>
    </ClInclude>
  </ItemGroup>
</Project>